
Microsoft Visual Studio Solution File, Format Version 12.00
# Visual Studio Version 17
VisualStudioVersion = 17.3.32819.101
MinimumVisualStudioVersion = 10.0.40219.1
Project("{9A19103F-16F7-4668-BE54-9A1E7A4F7556}") = "RyanairApiLib", "RyanairApiLib\RyanairApiLib.csproj", "{B90BD8E2-5C07-4E91-8545-1AE8DF773F6A}"
EndProject
Global
	GlobalSection(SolutionConfigurationPlatforms) = preSolution
		Debug|Any CPU = Debug|Any CPU
		Release|Any CPU = Release|Any CPU
	EndGlobalSection
	GlobalSection(ProjectConfigurationPlatforms) = postSolution
		{B90BD8E2-5C07-4E91-8545-1AE8DF773F6A}.Debug|Any CPU.ActiveCfg = Debug|Any CPU
		{B90BD8E2-5C07-4E91-8545-1AE8DF773F6A}.Debug|Any CPU.Build.0 = Debug|Any CPU
		{B90BD8E2-5C07-4E91-8545-1AE8DF773F6A}.Release|Any CPU.ActiveCfg = Release|Any CPU
		{B90BD8E2-5C07-4E91-8545-1AE8DF773F6A}.Release|Any CPU.Build.0 = Release|Any CPU
	EndGlobalSection
	GlobalSection(SolutionProperties) = preSolution
		HideSolutionNode = FALSE
	EndGlobalSection
	GlobalSection(ExtensibilityGlobals) = postSolution
		SolutionGuid = {7531903B-B2CA-4D6F-9EFB-D5E5E2E0DA25}
	EndGlobalSection
EndGlobal
